
Microsoft Visual Studio Solution File, Format Version 12.00
# Visual Studio Version 17
VisualStudioVersion = 17.5.2.0
MinimumVisualStudioVersion = 10.0.40219.1
Project("{2150E333-8FDC-42A3-9474-1A3956D46DE8}") = "tests", "tests", "{0AB3BF05-4346-4AA6-1389-037BE0695223}"
EndProject
Project("{2150E333-8FDC-42A3-9474-1A3956D46DE8}") = "src", "src", "{827E0CD3-B72D-47B6-A68D-7590B98EB39B}"
EndProject
Project("{FAE04EC0-301F-11D3-BF4B-00C04F79EFBC}") = "LMSBackend.API.Tests", "tests\LMSBackend.API.Tests\LMSBackend.API.Tests.csproj", "{69A9B9DF-95B5-46E2-5545-B16E017A015B}"
EndProject
Project("{FAE04EC0-301F-11D3-BF4B-00C04F79EFBC}") = "LMSBackend.Application.Tests", "tests\LMSBackend.Application.Tests\LMSBackend.Application.Tests.csproj", "{0DD3A041-AB0A-A884-43BB-C1233A48661F}"
EndProject
Project("{FAE04EC0-301F-11D3-BF4B-00C04F79EFBC}") = "LMSBackend.API", "src\LMSBackend.API\LMSBackend.API.csproj", "{43E0F1A8-3049-C5FC-A2D3-E9F517993DF7}"
EndProject
Project("{FAE04EC0-301F-11D3-BF4B-00C04F79EFBC}") = "LMSBackend.Infrastructure", "src\LMSBackend.Infrastructure\LMSBackend.Infrastructure.csproj", "{F90CE192-7AC1-82EF-A17E-2C7700BB042D}"
EndProject
Project("{FAE04EC0-301F-11D3-BF4B-00C04F79EFBC}") = "LMSBackend.Application", "src\LMSBackend.Application\LMSBackend.Application.csproj", "{48BDF4E1-BD43-89FE-152E-5805DC24AFAA}"
EndProject
Project("{FAE04EC0-301F-11D3-BF4B-00C04F79EFBC}") = "LMSBackend.Domain", "src\LMSBackend.Domain\LMSBackend.Domain.csproj", "{6FB366DD-59AE-DCC0-8D20-B137B0CC6740}"
EndProject
Project("{FAE04EC0-301F-11D3-BF4B-00C04F79EFBC}") = "LMSBackend.Infrastructure.Tests", "tests\LMSBackend.Infrastructure.Tests\LMSBackend.Infrastructure.Tests.csproj", "{27E2C026-443A-4842-B43C-4DE272E9D040}"
EndProject
Global
	GlobalSection(SolutionConfigurationPlatforms) = preSolution
		Debug|Any CPU = Debug|Any CPU
		Debug|x64 = Debug|x64
		Debug|x86 = Debug|x86
		Release|Any CPU = Release|Any CPU
		Release|x64 = Release|x64
		Release|x86 = Release|x86
	EndGlobalSection
	GlobalSection(ProjectConfigurationPlatforms) = postSolution
		{69A9B9DF-95B5-46E2-5545-B16E017A015B}.Debug|Any CPU.ActiveCfg = Debug|Any CPU
		{69A9B9DF-95B5-46E2-5545-B16E017A015B}.Debug|Any CPU.Build.0 = Debug|Any CPU
		{69A9B9DF-95B5-46E2-5545-B16E017A015B}.Debug|x64.ActiveCfg = Debug|Any CPU
		{69A9B9DF-95B5-46E2-5545-B16E017A015B}.Debug|x64.Build.0 = Debug|Any CPU
		{69A9B9DF-95B5-46E2-5545-B16E017A015B}.Debug|x86.ActiveCfg = Debug|Any CPU
		{69A9B9DF-95B5-46E2-5545-B16E017A015B}.Debug|x86.Build.0 = Debug|Any CPU
		{69A9B9DF-95B5-46E2-5545-B16E017A015B}.Release|Any CPU.ActiveCfg = Release|Any CPU
		{69A9B9DF-95B5-46E2-5545-B16E017A015B}.Release|Any CPU.Build.0 = Release|Any CPU
		{69A9B9DF-95B5-46E2-5545-B16E017A015B}.Release|x64.ActiveCfg = Release|Any CPU
		{69A9B9DF-95B5-46E2-5545-B16E017A015B}.Release|x64.Build.0 = Release|Any CPU
		{69A9B9DF-95B5-46E2-5545-B16E017A015B}.Release|x86.ActiveCfg = Release|Any CPU
		{69A9B9DF-95B5-46E2-5545-B16E017A015B}.Release|x86.Build.0 = Release|Any CPU
		{0DD3A041-AB0A-A884-43BB-C1233A48661F}.Debug|Any CPU.ActiveCfg = Debug|Any CPU
		{0DD3A041-AB0A-A884-43BB-C1233A48661F}.Debug|Any CPU.Build.0 = Debug|Any CPU
		{0DD3A041-AB0A-A884-43BB-C1233A48661F}.Debug|x64.ActiveCfg = Debug|Any CPU
		{0DD3A041-AB0A-A884-43BB-C1233A48661F}.Debug|x64.Build.0 = Debug|Any CPU
		{0DD3A041-AB0A-A884-43BB-C1233A48661F}.Debug|x86.ActiveCfg = Debug|Any CPU
		{0DD3A041-AB0A-A884-43BB-C1233A48661F}.Debug|x86.Build.0 = Debug|Any CPU
		{0DD3A041-AB0A-A884-43BB-C1233A48661F}.Release|Any CPU.ActiveCfg = Release|Any CPU
		{0DD3A041-AB0A-A884-43BB-C1233A48661F}.Release|Any CPU.Build.0 = Release|Any CPU
		{0DD3A041-AB0A-A884-43BB-C1233A48661F}.Release|x64.ActiveCfg = Release|Any CPU
		{0DD3A041-AB0A-A884-43BB-C1233A48661F}.Release|x64.Build.0 = Release|Any CPU
		{0DD3A041-AB0A-A884-43BB-C1233A48661F}.Release|x86.ActiveCfg = Release|Any CPU
		{0DD3A041-AB0A-A884-43BB-C1233A48661F}.Release|x86.Build.0 = Release|Any CPU
		{43E0F1A8-3049-C5FC-A2D3-E9F517993DF7}.Debug|Any CPU.ActiveCfg = Debug|Any CPU
		{43E0F1A8-3049-C5FC-A2D3-E9F517993DF7}.Debug|Any CPU.Build.0 = Debug|Any CPU
		{43E0F1A8-3049-C5FC-A2D3-E9F517993DF7}.Debug|x64.ActiveCfg = Debug|Any CPU
		{43E0F1A8-3049-C5FC-A2D3-E9F517993DF7}.Debug|x64.Build.0 = Debug|Any CPU
		{43E0F1A8-3049-C5FC-A2D3-E9F517993DF7}.Debug|x86.ActiveCfg = Debug|Any CPU
		{43E0F1A8-3049-C5FC-A2D3-E9F517993DF7}.Debug|x86.Build.0 = Debug|Any CPU
		{43E0F1A8-3049-C5FC-A2D3-E9F517993DF7}.Release|Any CPU.ActiveCfg = Release|Any CPU
		{43E0F1A8-3049-C5FC-A2D3-E9F517993DF7}.Release|Any CPU.Build.0 = Release|Any CPU
		{43E0F1A8-3049-C5FC-A2D3-E9F517993DF7}.Release|x64.ActiveCfg = Release|Any CPU
		{43E0F1A8-3049-C5FC-A2D3-E9F517993DF7}.Release|x64.Build.0 = Release|Any CPU
		{43E0F1A8-3049-C5FC-A2D3-E9F517993DF7}.Release|x86.ActiveCfg = Release|Any CPU
		{43E0F1A8-3049-C5FC-A2D3-E9F517993DF7}.Release|x86.Build.0 = Release|Any CPU
		{F90CE192-7AC1-82EF-A17E-2C7700BB042D}.Debug|Any CPU.ActiveCfg = Debug|Any CPU
		{F90CE192-7AC1-82EF-A17E-2C7700BB042D}.Debug|Any CPU.Build.0 = Debug|Any CPU
		{F90CE192-7AC1-82EF-A17E-2C7700BB042D}.Debug|x64.ActiveCfg = Debug|Any CPU
		{F90CE192-7AC1-82EF-A17E-2C7700BB042D}.Debug|x64.Build.0 = Debug|Any CPU
		{F90CE192-7AC1-82EF-A17E-2C7700BB042D}.Debug|x86.ActiveCfg = Debug|Any CPU
		{F90CE192-7AC1-82EF-A17E-2C7700BB042D}.Debug|x86.Build.0 = Debug|Any CPU
		{F90CE192-7AC1-82EF-A17E-2C7700BB042D}.Release|Any CPU.ActiveCfg = Release|Any CPU
		{F90CE192-7AC1-82EF-A17E-2C7700BB042D}.Release|Any CPU.Build.0 = Release|Any CPU
		{F90CE192-7AC1-82EF-A17E-2C7700BB042D}.Release|x64.ActiveCfg = Release|Any CPU
		{F90CE192-7AC1-82EF-A17E-2C7700BB042D}.Release|x64.Build.0 = Release|Any CPU
		{F90CE192-7AC1-82EF-A17E-2C7700BB042D}.Release|x86.ActiveCfg = Release|Any CPU
		{F90CE192-7AC1-82EF-A17E-2C7700BB042D}.Release|x86.Build.0 = Release|Any CPU
		{48BDF4E1-BD43-89FE-152E-5805DC24AFAA}.Debug|Any CPU.ActiveCfg = Debug|Any CPU
		{48BDF4E1-BD43-89FE-152E-5805DC24AFAA}.Debug|Any CPU.Build.0 = Debug|Any CPU
		{48BDF4E1-BD43-89FE-152E-5805DC24AFAA}.Debug|x64.ActiveCfg = Debug|Any CPU
		{48BDF4E1-BD43-89FE-152E-5805DC24AFAA}.Debug|x64.Build.0 = Debug|Any CPU
		{48BDF4E1-BD43-89FE-152E-5805DC24AFAA}.Debug|x86.ActiveCfg = Debug|Any CPU
		{48BDF4E1-BD43-89FE-152E-5805DC24AFAA}.Debug|x86.Build.0 = Debug|Any CPU
		{48BDF4E1-BD43-89FE-152E-5805DC24AFAA}.Release|Any CPU.ActiveCfg = Release|Any CPU
		{48BDF4E1-BD43-89FE-152E-5805DC24AFAA}.Release|Any CPU.Build.0 = Release|Any CPU
		{48BDF4E1-BD43-89FE-152E-5805DC24AFAA}.Release|x64.ActiveCfg = Release|Any CPU
		{48BDF4E1-BD43-89FE-152E-5805DC24AFAA}.Release|x64.Build.0 = Release|Any CPU
		{48BDF4E1-BD43-89FE-152E-5805DC24AFAA}.Release|x86.ActiveCfg = Release|Any CPU
		{48BDF4E1-BD43-89FE-152E-5805DC24AFAA}.Release|x86.Build.0 = Release|Any CPU
		{6FB366DD-59AE-DCC0-8D20-B137B0CC6740}.Debug|Any CPU.ActiveCfg = Debug|Any CPU
		{6FB366DD-59AE-DCC0-8D20-B137B0CC6740}.Debug|Any CPU.Build.0 = Debug|Any CPU
		{6FB366DD-59AE-DCC0-8D20-B137B0CC6740}.Debug|x64.ActiveCfg = Debug|Any CPU
		{6FB366DD-59AE-DCC0-8D20-B137B0CC6740}.Debug|x64.Build.0 = Debug|Any CPU
		{6FB366DD-59AE-DCC0-8D20-B137B0CC6740}.Debug|x86.ActiveCfg = Debug|Any CPU
		{6FB366DD-59AE-DCC0-8D20-B137B0CC6740}.Debug|x86.Build.0 = Debug|Any CPU
		{6FB366DD-59AE-DCC0-8D20-B137B0CC6740}.Release|Any CPU.ActiveCfg = Release|Any CPU
		{6FB366DD-59AE-DCC0-8D20-B137B0CC6740}.Release|Any CPU.Build.0 = Release|Any CPU
		{6FB366DD-59AE-DCC0-8D20-B137B0CC6740}.Release|x64.ActiveCfg = Release|Any CPU
		{6FB366DD-59AE-DCC0-8D20-B137B0CC6740}.Release|x64.Build.0 = Release|Any CPU
		{6FB366DD-59AE-DCC0-8D20-B137B0CC6740}.Release|x86.ActiveCfg = Release|Any CPU
		{6FB366DD-59AE-DCC0-8D20-B137B0CC6740}.Release|x86.Build.0 = Release|Any CPU
		{27E2C026-443A-4842-B43C-4DE272E9D040}.Debug|Any CPU.ActiveCfg = Debug|Any CPU
		{27E2C026-443A-4842-B43C-4DE272E9D040}.Debug|Any CPU.Build.0 = Debug|Any CPU
		{27E2C026-443A-4842-B43C-4DE272E9D040}.Debug|x64.ActiveCfg = Debug|Any CPU
		{27E2C026-443A-4842-B43C-4DE272E9D040}.Debug|x64.Build.0 = Debug|Any CPU
		{27E2C026-443A-4842-B43C-4DE272E9D040}.Debug|x86.ActiveCfg = Debug|Any CPU
		{27E2C026-443A-4842-B43C-4DE272E9D040}.Debug|x86.Build.0 = Debug|Any CPU
		{27E2C026-443A-4842-B43C-4DE272E9D040}.Release|Any CPU.ActiveCfg = Release|Any CPU
		{27E2C026-443A-4842-B43C-4DE272E9D040}.Release|Any CPU.Build.0 = Release|Any CPU
		{27E2C026-443A-4842-B43C-4DE272E9D040}.Release|x64.ActiveCfg = Release|Any CPU
		{27E2C026-443A-4842-B43C-4DE272E9D040}.Release|x64.Build.0 = Release|Any CPU
		{27E2C026-443A-4842-B43C-4DE272E9D040}.Release|x86.ActiveCfg = Release|Any CPU
		{27E2C026-443A-4842-B43C-4DE272E9D040}.Release|x86.Build.0 = Release|Any CPU
	EndGlobalSection
	GlobalSection(SolutionProperties) = preSolution
		HideSolutionNode = FALSE
	EndGlobalSection
	GlobalSection(NestedProjects) = preSolution
		{69A9B9DF-95B5-46E2-5545-B16E017A015B} = {0AB3BF05-4346-4AA6-1389-037BE0695223}
		{0DD3A041-AB0A-A884-43BB-C1233A48661F} = {0AB3BF05-4346-4AA6-1389-037BE0695223}
		{43E0F1A8-3049-C5FC-A2D3-E9F517993DF7} = {827E0CD3-B72D-47B6-A68D-7590B98EB39B}
		{F90CE192-7AC1-82EF-A17E-2C7700BB042D} = {827E0CD3-B72D-47B6-A68D-7590B98EB39B}
		{48BDF4E1-BD43-89FE-152E-5805DC24AFAA} = {827E0CD3-B72D-47B6-A68D-7590B98EB39B}
		{6FB366DD-59AE-DCC0-8D20-B137B0CC6740} = {827E0CD3-B72D-47B6-A68D-7590B98EB39B}
		{27E2C026-443A-4842-B43C-4DE272E9D040} = {0AB3BF05-4346-4AA6-1389-037BE0695223}
	EndGlobalSection
	GlobalSection(ExtensibilityGlobals) = postSolution
		SolutionGuid = {A034C67A-B487-41A7-A4DD-4F175DBB60F1}
	EndGlobalSection
EndGlobal
